// !$*UTF8*$!
{
	archiveVersion = 1;
	classes = {
	};
	objectVersion = 110;
	objects = {

/* Begin PBXBuildFile section */
		43B769603072FFDE009123EE /* AppDelegate.swift in Sources */ = {isa = PBXBuildFile; fileRef = 43B7695F3072FFDE009123EE /* AppDelegate.swift */; };
		43B769643072FFDE009123EE /* Main.html in Resources */ = {isa = PBXBuildFile; fileRef = 43B769623072FFDE009123EE /* Main.html */; };
		43B769663072FFDE009123EE /* Icon.png in Resources */ = {isa = PBXBuildFile; fileRef = 43B769653072FFDE009123EE /* Icon.png */; };
		43B769683072FFDE009123EE /* Style.css in Resources */ = {isa = PBXBuildFile; fileRef = 43B769673072FFDE009123EE /* Style.css */; };
		43B7696A3072FFDE009123EE /* Script.js in Resources */ = {isa = PBXBuildFile; fileRef = 43B769693072FFDE009123EE /* Script.js */; };
		43B7696C3072FFDE009123EE /* ViewController.swift in Sources */ = {isa = PBXBuildFile; fileRef = 43B7696B3072FFDE009123EE /* ViewController.swift */; };
		43B7696F3072FFDE009123EE /* Main.storyboard in Resources */ = {isa = PBXBuildFile; fileRef = 43B7696D3072FFDE009123EE /* Main.storyboard */; };
		43B769713072FFDF009123EE /* Assets.xcassets in Resources */ = {isa = PBXBuildFile; fileRef = 43B769703072FFDF009123EE /* Assets.xcassets */; };
		43B769783072FFDF009123EE /* Safari Ad Blocker Extension.appex in Embed Foundation Extensions */ = {isa = PBXBuildFile; fileRef = 43B769773072FFDF009123EE /* Safari Ad Blocker Extension.appex */; settings = {ATTRIBUTES = (RemoveHeadersOnCopy, ); }; };
		43B7697D3072FFDF009123EE /* SafariWebExtensionHandler.swift in Sources */ = {isa = PBXBuildFile; fileRef = 43B7697C3072FFDF009123EE /* SafariWebExtensionHandler.swift */; };
		43B769913072FFDF009123EE /* guard-loader.js in Resources */ = {isa = PBXBuildFile; fileRef = 43B769893072FFDF009123EE /* guard-loader.js */; };
		43B769923072FFDF009123EE /* popup-guard.js in Resources */ = {isa = PBXBuildFile; fileRef = 43B7698A3072FFDF009123EE /* popup-guard.js */; };
		43B769933072FFDF009123EE /* content.css in Resources */ = {isa = PBXBuildFile; fileRef = 43B7698B3072FFDF009123EE /* content.css */; };
		43B769943072FFDF009123EE /* rules.json in Resources */ = {isa = PBXBuildFile; fileRef = 43B7698C3072FFDF009123EE /* rules.json */; };
		43B769953072FFDF009123EE /* manifest.json in Resources */ = {isa = PBXBuildFile; fileRef = 43B7698D3072FFDF009123EE /* manifest.json */; };
		43B769963072FFDF009123EE /* inject.js in Resources */ = {isa = PBXBuildFile; fileRef = 43B7698E3072FFDF009123EE /* inject.js */; };
		43B769973072FFDF009123EE /* content.js in Resources */ = {isa = PBXBuildFile; fileRef = 43B7698F3072FFDF009123EE /* content.js */; };
		43B769983072FFDF009123EE /* generic.css in Resources */ = {isa = PBXBuildFile; fileRef = 43B769903072FFDF009123EE /* generic.css */; };
/* End PBXBuildFile section */

/* Begin PBXContainerItemProxy section */
		43B769793072FFDF009123EE /* PBXContainerItemProxy */ = {
			isa = PBXContainerItemProxy;
			containerPortal = 43B769543072FFDE009123EE /* Project object */;
			proxyType = 1;
			remoteGlobalIDString = 43B769763072FFDF009123EE;
			remoteInfo = "Safari Ad Blocker Extension";
		};
/* End PBXContainerItemProxy section */

/* Begin PBXCopyFilesBuildPhase section */
		43B769843072FFDF009123EE /* Embed Foundation Extensions */ = {
			isa = PBXCopyFilesBuildPhase;
			dstPath = "";
			dstSubfolder = PlugIns;
			files = (
				43B769783072FFDF009123EE /* Safari Ad Blocker Extension.appex in Embed Foundation Extensions */,
			);
			name = "Embed Foundation Extensions";
		};
/* End PBXCopyFilesBuildPhase section */

/* Begin PBXFileReference section */
		43B7695C3072FFDE009123EE /* Safari Ad Blocker.app */ = {isa = PBXFileReference; explicitFileType = wrapper.application; includeInIndex = 0; path = "Safari Ad Blocker.app"; sourceTree = BUILT_PRODUCTS_DIR; };
		43B7695F3072FFDE009123EE /* AppDelegate.swift */ = {isa = PBXFileReference; lastKnownFileType = sourcecode.swift; path = AppDelegate.swift; sourceTree = "<group>"; };
		43B769633072FFDE009123EE /* Base */ = {isa = PBXFileReference; lastKnownFileType = text.html; name = Base; path = Base.lproj/Main.html; sourceTree = "<group>"; };
		43B769653072FFDE009123EE /* Icon.png */ = {isa = PBXFileReference; lastKnownFileType = image.png; path = Icon.png; sourceTree = "<group>"; };
		43B769673072FFDE009123EE /* Style.css */ = {isa = PBXFileReference; lastKnownFileType = text.css; path = Style.css; sourceTree = "<group>"; };
		43B769693072FFDE009123EE /* Script.js */ = {isa = PBXFileReference; lastKnownFileType = sourcecode.javascript; path = Script.js; sourceTree = "<group>"; };
		43B7696B3072FFDE009123EE /* ViewController.swift */ = {isa = PBXFileReference; lastKnownFileType = sourcecode.swift; path = ViewController.swift; sourceTree = "<group>"; };
		43B7696E3072FFDE009123EE /* Base */ = {isa = PBXFileReference; lastKnownFileType = file.storyboard; name = Base; path = Base.lproj/Main.storyboard; sourceTree = "<group>"; };
		43B769703072FFDF009123EE /* Assets.xcassets */ = {isa = PBXFileReference; lastKnownFileType = folder.assetcatalog; path = Assets.xcassets; sourceTree = "<group>"; };
		43B769723072FFDF009123EE /* Info.plist */ = {isa = PBXFileReference; lastKnownFileType = text.plist.xml; path = Info.plist; sourceTree = "<group>"; };
		43B769773072FFDF009123EE /* Safari Ad Blocker Extension.appex */ = {isa = PBXFileReference; explicitFileType = "wrapper.app-extension"; includeInIndex = 0; path = "Safari Ad Blocker Extension.appex"; sourceTree = BUILT_PRODUCTS_DIR; };
		43B7697C3072FFDF009123EE /* SafariWebExtensionHandler.swift */ = {isa = PBXFileReference; lastKnownFileType = sourcecode.swift; path = SafariWebExtensionHandler.swift; sourceTree = "<group>"; };
		43B7697E3072FFDF009123EE /* Info.plist */ = {isa = PBXFileReference; lastKnownFileType = text.plist.xml; path = Info.plist; sourceTree = "<group>"; };
		43B769893072FFDF009123EE /* guard-loader.js */ = {isa = PBXFileReference; lastKnownFileType = sourcecode.javascript; name = "guard-loader.js"; path = "../../yt-adblock/guard-loader.js"; sourceTree = "<group>"; };
		43B7698A3072FFDF009123EE /* popup-guard.js */ = {isa = PBXFileReference; lastKnownFileType = sourcecode.javascript; name = "popup-guard.js"; path = "../../yt-adblock/popup-guard.js"; sourceTree = "<group>"; };
		43B7698B3072FFDF009123EE /* content.css */ = {isa = PBXFileReference; lastKnownFileType = text.css; name = content.css; path = "../../yt-adblock/content.css"; sourceTree = "<group>"; };
		43B7698C3072FFDF009123EE /* rules.json */ = {isa = PBXFileReference; lastKnownFileType = text.json; name = rules.json; path = "../../yt-adblock/rules.json"; sourceTree = "<group>"; };
		43B7698D3072FFDF009123EE /* manifest.json */ = {isa = PBXFileReference; lastKnownFileType = text.json; name = manifest.json; path = "../../yt-adblock/manifest.json"; sourceTree = "<group>"; };
		43B7698E3072FFDF009123EE /* inject.js */ = {isa = PBXFileReference; lastKnownFileType = sourcecode.javascript; name = inject.js; path = "../../yt-adblock/inject.js"; sourceTree = "<group>"; };
		43B7698F3072FFDF009123EE /* content.js */ = {isa = PBXFileReference; lastKnownFileType = sourcecode.javascript; name = content.js; path = "../../yt-adblock/content.js"; sourceTree = "<group>"; };
		43B769903072FFDF009123EE /* generic.css */ = {isa = PBXFileReference; lastKnownFileType = text.css; name = generic.css; path = "../../yt-adblock/generic.css"; sourceTree = "<group>"; };
/* End PBXFileReference section */

/* Begin PBXFrameworksBuildPhase section */
		43B769593072FFDE009123EE /* Frameworks */ = {
			isa = PBXFrameworksBuildPhase;
			files = (
			);
		};
		43B769743072FFDF009123EE /* Frameworks */ = {
			isa = PBXFrameworksBuildPhase;
			files = (
			);
		};
/* End PBXFrameworksBuildPhase section */

/* Begin PBXGroup section */
		43B769533072FFDE009123EE = {
			isa = PBXGroup;
			children = (
				43B7695E3072FFDE009123EE /* Safari Ad Blocker */,
				43B7697B3072FFDF009123EE /* Safari Ad Blocker Extension */,
				43B7695D3072FFDE009123EE /* Products */,
			);
			sourceTree = "<group>";
		};
		43B7695D3072FFDE009123EE /* Products */ = {
			isa = PBXGroup;
			children = (
				43B7695C3072FFDE009123EE /* Safari Ad Blocker.app */,
				43B769773072FFDF009123EE /* Safari Ad Blocker Extension.appex */,
			);
			name = Products;
			sourceTree = "<group>";
		};
		43B7695E3072FFDE009123EE /* Safari Ad Blocker */ = {
			isa = PBXGroup;
			children = (
				43B7695F3072FFDE009123EE /* AppDelegate.swift */,
				43B7696B3072FFDE009123EE /* ViewController.swift */,
				43B7696D3072FFDE009123EE /* Main.storyboard */,
				43B769703072FFDF009123EE /* Assets.xcassets */,
				43B769723072FFDF009123EE /* Info.plist */,
				43B769613072FFDE009123EE /* Resources */,
			);
			path = "Safari Ad Blocker";
			sourceTree = "<group>";
		};
		43B769613072FFDE009123EE /* Resources */ = {
			isa = PBXGroup;
			children = (
				43B769623072FFDE009123EE /* Main.html */,
				43B769653072FFDE009123EE /* Icon.png */,
				43B769673072FFDE009123EE /* Style.css */,
				43B769693072FFDE009123EE /* Script.js */,
			);
			path = Resources;
			sourceTree = "<group>";
		};
		43B7697B3072FFDF009123EE /* Safari Ad Blocker Extension */ = {
			isa = PBXGroup;
			children = (
				43B769883072FFDF009123EE /* Resources */,
				43B7697C3072FFDF009123EE /* SafariWebExtensionHandler.swift */,
				43B7697E3072FFDF009123EE /* Info.plist */,
			);
			path = "Safari Ad Blocker Extension";
			sourceTree = "<group>";
		};
		43B769883072FFDF009123EE /* Resources */ = {
			isa = PBXGroup;
			children = (
				43B769893072FFDF009123EE /* guard-loader.js */,
				43B7698A3072FFDF009123EE /* popup-guard.js */,
				43B7698B3072FFDF009123EE /* content.css */,
				43B7698C3072FFDF009123EE /* rules.json */,
				43B7698D3072FFDF009123EE /* manifest.json */,
				43B7698E3072FFDF009123EE /* inject.js */,
				43B7698F3072FFDF009123EE /* content.js */,
				43B769903072FFDF009123EE /* generic.css */,
			);
			name = Resources;
			path = "Safari Ad Blocker Extension";
			sourceTree = SOURCE_ROOT;
		};
/* End PBXGroup section */

/* Begin PBXNativeTarget section */
		43B7695B3072FFDE009123EE /* Safari Ad Blocker */ = {
			isa = PBXNativeTarget;
			buildConfigurationList = 43B769853072FFDF009123EE /* Build configuration list for PBXNativeTarget "Safari Ad Blocker" */;
			buildPhases = (
				43B769583072FFDE009123EE /* Sources */,
				43B769593072FFDE009123EE /* Frameworks */,
				43B7695A3072FFDE009123EE /* Resources */,
				43B769843072FFDF009123EE /* Embed Foundation Extensions */,
			);
			buildRules = (
			);
			dependencies = (
				43B7697A3072FFDF009123EE /* PBXTargetDependency */,
			);
			name = "Safari Ad Blocker";
			productName = "Safari Ad Blocker";
			productReference = 43B7695C3072FFDE009123EE /* Safari Ad Blocker.app */;
			productType = "com.apple.product-type.application";
		};
		43B769763072FFDF009123EE /* Safari Ad Blocker Extension */ = {
			isa = PBXNativeTarget;
			buildConfigurationList = 43B769813072FFDF009123EE /* Build configuration list for PBXNativeTarget "Safari Ad Blocker Extension" */;
			buildPhases = (
				43B769733072FFDF009123EE /* Sources */,
				43B769743072FFDF009123EE /* Frameworks */,
				43B769753072FFDF009123EE /* Resources */,
			);
			buildRules = (
			);
			name = "Safari Ad Blocker Extension";
			productName = "Safari Ad Blocker Extension";
			productReference = 43B769773072FFDF009123EE /* Safari Ad Blocker Extension.appex */;
			productType = "com.apple.product-type.app-extension";
		};
/* End PBXNativeTarget section */

/* Begin PBXProject section */
		43B769543072FFDE009123EE /* Project object */ = {
			isa = PBXProject;
			attributes = {
				BuildIndependentTargetsInParallel = 1;
				LastSwiftUpdateCheck = 2700;
				LastUpgradeCheck = 2700;
				TargetAttributes = {
					43B7695B3072FFDE009123EE = {
						CreatedOnToolsVersion = 27.0;
					};
					43B769763072FFDF009123EE = {
						CreatedOnToolsVersion = 27.0;
					};
				};
			};
			buildConfigurationList = 43B769573072FFDE009123EE /* Build configuration list for PBXProject "Safari Ad Blocker" */;
			developmentRegion = en;
			hasScannedForEncodings = 0;
			knownRegions = (
				en,
				Base,
			);
			mainGroup = 43B769533072FFDE009123EE;
			minimizedProjectReferenceProxies = 1;
			preferredProjectObjectVersion = 77;
			productRefGroup = 43B7695D3072FFDE009123EE /* Products */;
			projectDirPath = "";
			projectRoot = "";
			targets = (
				43B7695B3072FFDE009123EE /* Safari Ad Blocker */,
				43B769763072FFDF009123EE /* Safari Ad Blocker Extension */,
			);
		};
/* End PBXProject section */

/* Begin PBXResourcesBuildPhase section */
		43B7695A3072FFDE009123EE /* Resources */ = {
			isa = PBXResourcesBuildPhase;
			files = (
				43B769663072FFDE009123EE /* Icon.png in Resources */,
				43B7696F3072FFDE009123EE /* Main.storyboard in Resources */,
				43B7696A3072FFDE009123EE /* Script.js in Resources */,
				43B769643072FFDE009123EE /* Main.html in Resources */,
				43B769713072FFDF009123EE /* Assets.xcassets in Resources */,
				43B769683072FFDE009123EE /* Style.css in Resources */,
			);
		};
		43B769753072FFDF009123EE /* Resources */ = {
			isa = PBXResourcesBuildPhase;
			files = (
				43B769933072FFDF009123EE /* content.css in Resources */,
				43B769943072FFDF009123EE /* rules.json in Resources */,
				43B769953072FFDF009123EE /* manifest.json in Resources */,
				43B769913072FFDF009123EE /* guard-loader.js in Resources */,
				43B769923072FFDF009123EE /* popup-guard.js in Resources */,
				43B769973072FFDF009123EE /* content.js in Resources */,
				43B769963072FFDF009123EE /* inject.js in Resources */,
				43B769983072FFDF009123EE /* generic.css in Resources */,
			);
		};
/* End PBXResourcesBuildPhase section */

/* Begin PBXSourcesBuildPhase section */
		43B769583072FFDE009123EE /* Sources */ = {
			isa = PBXSourcesBuildPhase;
			files = (
				43B7696C3072FFDE009123EE /* ViewController.swift in Sources */,
				43B769603072FFDE009123EE /* AppDelegate.swift in Sources */,
			);
		};
		43B769733072FFDF009123EE /* Sources */ = {
			isa = PBXSourcesBuildPhase;
			files = (
				43B7697D3072FFDF009123EE /* SafariWebExtensionHandler.swift in Sources */,
			);
		};
/* End PBXSourcesBuildPhase section */

/* Begin PBXTargetDependency section */
		43B7697A3072FFDF009123EE /* PBXTargetDependency */ = {
			isa = PBXTargetDependency;
			target = 43B769763072FFDF009123EE /* Safari Ad Blocker Extension */;
			targetProxy = 43B769793072FFDF009123EE /* PBXContainerItemProxy */;
		};
/* End PBXTargetDependency section */

/* Begin PBXVariantGroup section */
		43B769623072FFDE009123EE /* Main.html */ = {
			isa = PBXVariantGroup;
			children = (
				43B769633072FFDE009123EE /* Base */,
			);
			name = Main.html;
			sourceTree = "<group>";
		};
		43B7696D3072FFDE009123EE /* Main.storyboard */ = {
			isa = PBXVariantGroup;
			children = (
				43B7696E3072FFDE009123EE /* Base */,
			);
			name = Main.storyboard;
			sourceTree = "<group>";
		};
/* End PBXVariantGroup section */

/* Begin XCBuildConfiguration section */
		43B7697F3072FFDF009123EE /* Debug configuration for PBXProject "Safari Ad Blocker" */ = {
			isa = XCBuildConfiguration;
			buildSettings = {
				ALWAYS_SEARCH_USER_PATHS = NO;
				ASSETCATALOG_COMPILER_GENERATE_SWIFT_ASSET_SYMBOL_EXTENSIONS = YES;
				CLANG_ANALYZER_NONNULL = YES;
				CLANG_ANALYZER_NUMBER_OBJECT_CONVERSION = YES_AGGRESSIVE;
				CLANG_CXX_LANGUAGE_STANDARD = "gnu++20";
				CLANG_ENABLE_MODULES = YES;
				CLANG_ENABLE_OBJC_ARC = YES;
				CLANG_ENABLE_OBJC_WEAK = YES;
				CLANG_WARN_BLOCK_CAPTURE_AUTORELEASING = YES;
				CLANG_WARN_BOOL_CONVERSION = YES;
				CLANG_WARN_COMMA = YES;
				CLANG_WARN_CONSTANT_CONVERSION = YES;
				CLANG_WARN_DEPRECATED_OBJC_IMPLEMENTATIONS = YES;
				CLANG_WARN_DIRECT_OBJC_ISA_USAGE = YES_ERROR;
				CLANG_WARN_DOCUMENTATION_COMMENTS = YES;
				CLANG_WARN_EMPTY_BODY = YES;
				CLANG_WARN_ENUM_CONVERSION = YES;
				CLANG_WARN_INFINITE_RECURSION = YES;
				CLANG_WARN_INT_CONVERSION = YES;
				CLANG_WARN_NON_LITERAL_NULL_CONVERSION = YES;
				CLANG_WARN_OBJC_IMPLICIT_RETAIN_SELF = YES;
				CLANG_WARN_OBJC_LITERAL_CONVERSION = YES;
				CLANG_WARN_OBJC_ROOT_CLASS = YES_ERROR;
				CLANG_WARN_QUOTED_INCLUDE_IN_FRAMEWORK_HEADER = YES;
				CLANG_WARN_RANGE_LOOP_ANALYSIS = YES;
				CLANG_WARN_STRICT_PROTOTYPES = YES;
				CLANG_WARN_SUSPICIOUS_MOVE = YES;
				CLANG_WARN_UNGUARDED_AVAILABILITY = YES_AGGRESSIVE;
				CLANG_WARN_UNREACHABLE_CODE = YES;
				CLANG_WARN__DUPLICATE_METHOD_MATCH = YES;
				COPY_PHASE_STRIP = NO;
				DEBUG_INFORMATION_FORMAT = dwarf;
				ENABLE_STRICT_OBJC_MSGSEND = YES;
				ENABLE_TESTABILITY = YES;
				ENABLE_USER_SCRIPT_SANDBOXING = YES;
				GCC_C_LANGUAGE_STANDARD = gnu17;
				GCC_DYNAMIC_NO_PIC = NO;
				GCC_NO_COMMON_BLOCKS = YES;
				GCC_OPTIMIZATION_LEVEL = 0;
				GCC_PREPROCESSOR_DEFINITIONS = (
					"DEBUG=1",
					"$(inherited)",
				);
				GCC_WARN_64_TO_32_BIT_CONVERSION = YES;
				GCC_WARN_ABOUT_RETURN_TYPE = YES_ERROR;
				GCC_WARN_UNDECLARED_SELECTOR = YES;
				GCC_WARN_UNINITIALIZED_AUTOS = YES_AGGRESSIVE;
				GCC_WARN_UNUSED_FUNCTION = YES;
				GCC_WARN_UNUSED_VARIABLE = YES;
				LOCALIZATION_PREFERS_STRING_CATALOGS = YES;
				MACOSX_DEPLOYMENT_TARGET = 27.0;
				MTL_ENABLE_DEBUG_INFO = INCLUDE_SOURCE;
				MTL_FAST_MATH = YES;
				ONLY_ACTIVE_ARCH = YES;
				SDKROOT = macosx;
				SWIFT_ACTIVE_COMPILATION_CONDITIONS = "DEBUG $(inherited)";
				SWIFT_OPTIMIZATION_LEVEL = "-Onone";
			};
			name = Debug;
		};
		43B769803072FFDF009123EE /* Release configuration for PBXProject "Safari Ad Blocker" */ = {
			isa = XCBuildConfiguration;
			buildSettings = {
				ALWAYS_SEARCH_USER_PATHS = NO;
				ASSETCATALOG_COMPILER_GENERATE_SWIFT_ASSET_SYMBOL_EXTENSIONS = YES;
				CLANG_ANALYZER_NONNULL = YES;
				CLANG_ANALYZER_NUMBER_OBJECT_CONVERSION = YES_AGGRESSIVE;
				CLANG_CXX_LANGUAGE_STANDARD = "gnu++20";
				CLANG_ENABLE_MODULES = YES;
				CLANG_ENABLE_OBJC_ARC = YES;
				CLANG_ENABLE_OBJC_WEAK = YES;
				CLANG_WARN_BLOCK_CAPTURE_AUTORELEASING = YES;
				CLANG_WARN_BOOL_CONVERSION = YES;
				CLANG_WARN_COMMA = YES;
				CLANG_WARN_CONSTANT_CONVERSION = YES;
				CLANG_WARN_DEPRECATED_OBJC_IMPLEMENTATIONS = YES;
				CLANG_WARN_DIRECT_OBJC_ISA_USAGE = YES_ERROR;
				CLANG_WARN_DOCUMENTATION_COMMENTS = YES;
				CLANG_WARN_EMPTY_BODY = YES;
				CLANG_WARN_ENUM_CONVERSION = YES;
				CLANG_WARN_INFINITE_RECURSION = YES;
				CLANG_WARN_INT_CONVERSION = YES;
				CLANG_WARN_NON_LITERAL_NULL_CONVERSION = YES;
				CLANG_WARN_OBJC_IMPLICIT_RETAIN_SELF = YES;
				CLANG_WARN_OBJC_LITERAL_CONVERSION = YES;
				CLANG_WARN_OBJC_ROOT_CLASS = YES_ERROR;
				CLANG_WARN_QUOTED_INCLUDE_IN_FRAMEWORK_HEADER = YES;
				CLANG_WARN_RANGE_LOOP_ANALYSIS = YES;
				CLANG_WARN_STRICT_PROTOTYPES = YES;
				CLANG_WARN_SUSPICIOUS_MOVE = YES;
				CLANG_WARN_UNGUARDED_AVAILABILITY = YES_AGGRESSIVE;
				CLANG_WARN_UNREACHABLE_CODE = YES;
				CLANG_WARN__DUPLICATE_METHOD_MATCH = YES;
				COPY_PHASE_STRIP = NO;
				DEBUG_INFORMATION_FORMAT = "dwarf-with-dsym";
				ENABLE_NS_ASSERTIONS = NO;
				ENABLE_STRICT_OBJC_MSGSEND = YES;
				ENABLE_USER_SCRIPT_SANDBOXING = YES;
				GCC_C_LANGUAGE_STANDARD = gnu17;
				GCC_NO_COMMON_BLOCKS = YES;
				GCC_WARN_64_TO_32_BIT_CONVERSION = YES;
				GCC_WARN_ABOUT_RETURN_TYPE = YES_ERROR;
				GCC_WARN_UNDECLARED_SELECTOR = YES;
				GCC_WARN_UNINITIALIZED_AUTOS = YES_AGGRESSIVE;
				GCC_WARN_UNUSED_FUNCTION = YES;
				GCC_WARN_UNUSED_VARIABLE = YES;
				LOCALIZATION_PREFERS_STRING_CATALOGS = YES;
				MACOSX_DEPLOYMENT_TARGET = 27.0;
				MTL_ENABLE_DEBUG_INFO = NO;
				MTL_FAST_MATH = YES;
				SDKROOT = macosx;
				SWIFT_COMPILATION_MODE = wholemodule;
			};
			name = Release;
		};
		43B769823072FFDF009123EE /* Debug configuration for PBXNativeTarget "Safari Ad Blocker Extension" */ = {
			isa = XCBuildConfiguration;
			buildSettings = {
				CODE_SIGN_STYLE = Automatic;
				CURRENT_PROJECT_VERSION = 1;
				ENABLE_APP_SANDBOX = YES;
				ENABLE_HARDENED_RUNTIME = YES;
				ENABLE_USER_SELECTED_FILES = readonly;
				GENERATE_INFOPLIST_FILE = YES;
				INFOPLIST_FILE = "Safari Ad Blocker Extension/Info.plist";
				INFOPLIST_KEY_CFBundleDisplayName = "Safari Ad Blocker Extension";
				INFOPLIST_KEY_NSHumanReadableCopyright = "";
				LD_RUNPATH_SEARCH_PATHS = (
					"$(inherited)",
					"@executable_path/../Frameworks",
					"@executable_path/../../../../Frameworks",
				);
				MACOSX_DEPLOYMENT_TARGET = 12.0;
				MARKETING_VERSION = 1.0;
				OTHER_LDFLAGS = (
					"-framework",
					SafariServices,
				);
				PRODUCT_BUNDLE_IDENTIFIER = com.example.safariadblock.Extension;
				PRODUCT_NAME = "$(TARGET_NAME)";
				SKIP_INSTALL = YES;
				STRING_CATALOG_GENERATE_SYMBOLS = YES;
				SWIFT_APPROACHABLE_CONCURRENCY = YES;
				SWIFT_EMIT_LOC_STRINGS = YES;
				SWIFT_UPCOMING_FEATURE_MEMBER_IMPORT_VISIBILITY = YES;
				SWIFT_VERSION = 5.0;
			};
			name = Debug;
		};
		43B769833072FFDF009123EE /* Release configuration for PBXNativeTarget "Safari Ad Blocker Extension" */ = {
			isa = XCBuildConfiguration;
			buildSettings = {
				CODE_SIGN_STYLE = Automatic;
				CURRENT_PROJECT_VERSION = 1;
				ENABLE_APP_SANDBOX = YES;
				ENABLE_HARDENED_RUNTIME = YES;
				ENABLE_USER_SELECTED_FILES = readonly;
				GENERATE_INFOPLIST_FILE = YES;
				INFOPLIST_FILE = "Safari Ad Blocker Extension/Info.plist";
				INFOPLIST_KEY_CFBundleDisplayName = "Safari Ad Blocker Extension";
				INFOPLIST_KEY_NSHumanReadableCopyright = "";
				LD_RUNPATH_SEARCH_PATHS = (
					"$(inherited)",
					"@executable_path/../Frameworks",
					"@executable_path/../../../../Frameworks",
				);
				MACOSX_DEPLOYMENT_TARGET = 12.0;
				MARKETING_VERSION = 1.0;
				OTHER_LDFLAGS = (
					"-framework",
					SafariServices,
				);
				PRODUCT_BUNDLE_IDENTIFIER = com.example.safariadblock.Extension;
				PRODUCT_NAME = "$(TARGET_NAME)";
				SKIP_INSTALL = YES;
				STRING_CATALOG_GENERATE_SYMBOLS = YES;
				SWIFT_APPROACHABLE_CONCURRENCY = YES;
				SWIFT_EMIT_LOC_STRINGS = YES;
				SWIFT_UPCOMING_FEATURE_MEMBER_IMPORT_VISIBILITY = YES;
				SWIFT_VERSION = 5.0;
			};
			name = Release;
		};
		43B769863072FFDF009123EE /* Debug configuration for PBXNativeTarget "Safari Ad Blocker" */ = {
			isa = XCBuildConfiguration;
			buildSettings = {
				ASSETCATALOG_COMPILER_APPICON_NAME = AppIcon;
				ASSETCATALOG_COMPILER_GLOBAL_ACCENT_COLOR_NAME = AccentColor;
				CODE_SIGN_STYLE = Automatic;
				COMBINE_HIDPI_IMAGES = YES;
				CURRENT_PROJECT_VERSION = 1;
				ENABLE_APP_SANDBOX = YES;
				ENABLE_HARDENED_RUNTIME = YES;
				ENABLE_OUTGOING_NETWORK_CONNECTIONS = YES;
				ENABLE_USER_SELECTED_FILES = readonly;
				GENERATE_INFOPLIST_FILE = YES;
				INFOPLIST_FILE = "Safari Ad Blocker/Info.plist";
				INFOPLIST_KEY_CFBundleDisplayName = "Safari Ad Blocker";
				INFOPLIST_KEY_NSHumanReadableCopyright = "";
				INFOPLIST_KEY_NSMainStoryboardFile = Main;
				INFOPLIST_KEY_NSPrincipalClass = NSApplication;
				INFOPLIST_KEY_NSViewGestureRecognizerIsExclusive = NO;
				LD_RUNPATH_SEARCH_PATHS = (
					"$(inherited)",
					"@executable_path/../Frameworks",
				);
				MARKETING_VERSION = 1.0;
				OTHER_LDFLAGS = (
					"-framework",
					SafariServices,
					"-framework",
					WebKit,
				);
				PRODUCT_BUNDLE_IDENTIFIER = "com.example.Safari-Ad-Blocker";
				PRODUCT_NAME = "$(TARGET_NAME)";
				REGISTER_APP_GROUPS = YES;
				STRING_CATALOG_GENERATE_SYMBOLS = YES;
				SWIFT_APPROACHABLE_CONCURRENCY = YES;
				SWIFT_DEFAULT_ACTOR_ISOLATION = MainActor;
				SWIFT_EMIT_LOC_STRINGS = YES;
				SWIFT_UPCOMING_FEATURE_MEMBER_IMPORT_VISIBILITY = YES;
				SWIFT_VERSION = 5.0;
			};
			name = Debug;
		};
		43B769873072FFDF009123EE /* Release configuration for PBXNativeTarget "Safari Ad Blocker" */ = {
			isa = XCBuildConfiguration;
			buildSettings = {
				ASSETCATALOG_COMPILER_APPICON_NAME = AppIcon;
				ASSETCATALOG_COMPILER_GLOBAL_ACCENT_COLOR_NAME = AccentColor;
				CODE_SIGN_STYLE = Automatic;
				COMBINE_HIDPI_IMAGES = YES;
				CURRENT_PROJECT_VERSION = 1;
				ENABLE_APP_SANDBOX = YES;
				ENABLE_HARDENED_RUNTIME = YES;
				ENABLE_OUTGOING_NETWORK_CONNECTIONS = YES;
				ENABLE_USER_SELECTED_FILES = readonly;
				GENERATE_INFOPLIST_FILE = YES;
				INFOPLIST_FILE = "Safari Ad Blocker/Info.plist";
				INFOPLIST_KEY_CFBundleDisplayName = "Safari Ad Blocker";
				INFOPLIST_KEY_NSHumanReadableCopyright = "";
				INFOPLIST_KEY_NSMainStoryboardFile = Main;
				INFOPLIST_KEY_NSPrincipalClass = NSApplication;
				INFOPLIST_KEY_NSViewGestureRecognizerIsExclusive = NO;
				LD_RUNPATH_SEARCH_PATHS = (
					"$(inherited)",
					"@executable_path/../Frameworks",
				);
				MARKETING_VERSION = 1.0;
				OTHER_LDFLAGS = (
					"-framework",
					SafariServices,
					"-framework",
					WebKit,
				);
				PRODUCT_BUNDLE_IDENTIFIER = "com.example.Safari-Ad-Blocker";
				PRODUCT_NAME = "$(TARGET_NAME)";
				REGISTER_APP_GROUPS = YES;
				STRING_CATALOG_GENERATE_SYMBOLS = YES;
				SWIFT_APPROACHABLE_CONCURRENCY = YES;
				SWIFT_DEFAULT_ACTOR_ISOLATION = MainActor;
				SWIFT_EMIT_LOC_STRINGS = YES;
				SWIFT_UPCOMING_FEATURE_MEMBER_IMPORT_VISIBILITY = YES;
				SWIFT_VERSION = 5.0;
			};
			name = Release;
		};
/* End XCBuildConfiguration section */

/* Begin XCConfigurationList section */
		43B769573072FFDE009123EE /* Build configuration list for PBXProject "Safari Ad Blocker" */ = {
			isa = XCConfigurationList;
			buildConfigurations = (
				43B7697F3072FFDF009123EE /* Debug configuration for PBXProject "Safari Ad Blocker" */,
				43B769803072FFDF009123EE /* Release configuration for PBXProject "Safari Ad Blocker" */,
			);
			defaultConfigurationName = Release;
		};
		43B769813072FFDF009123EE /* Build configuration list for PBXNativeTarget "Safari Ad Blocker Extension" */ = {
			isa = XCConfigurationList;
			buildConfigurations = (
				43B769823072FFDF009123EE /* Debug configuration for PBXNativeTarget "Safari Ad Blocker Extension" */,
				43B769833072FFDF009123EE /* Release configuration for PBXNativeTarget "Safari Ad Blocker Extension" */,
			);
			defaultConfigurationName = Release;
		};
		43B769853072FFDF009123EE /* Build configuration list for PBXNativeTarget "Safari Ad Blocker" */ = {
			isa = XCConfigurationList;
			buildConfigurations = (
				43B769863072FFDF009123EE /* Debug configuration for PBXNativeTarget "Safari Ad Blocker" */,
				43B769873072FFDF009123EE /* Release configuration for PBXNativeTarget "Safari Ad Blocker" */,
			);
			defaultConfigurationName = Release;
		};
/* End XCConfigurationList section */
	};
	rootObject = 43B769543072FFDE009123EE /* Project object */;
	validationLevel = 1;
}
